
Microsoft Visual Studio Solution File, Format Version 12.00
# Visual Studio Version 17
VisualStudioVersion = 17.9.34622.214
MinimumVisualStudioVersion = 10.0.40219.1
Project("{2150E333-8FDC-42A3-9474-1A3956D46DE8}") = "APIMicroservicios", "APIMicroservicios", "{64A18EDD-1BB9-4836-B83C-C7141E794011}"
EndProject
Project("{2150E333-8FDC-42A3-9474-1A3956D46DE8}") = "Common", "Common", "{EF43D377-FFBC-4137-BBDE-0282AC4BB118}"
EndProject
Project("{FAE04EC0-301F-11D3-BF4B-00C04F79EFBC}") = "Examen.API", "Examen.API\Examen.API.csproj", "{8BE23E31-BD69-4A0F-90CA-BF5DBCF3C562}"
EndProject
Project("{FAE04EC0-301F-11D3-BF4B-00C04F79EFBC}") = "Examen.Shared", "Examen.Shared\Examen.Shared.csproj", "{460F0152-F24A-49D0-8D81-79BBE4A4D21E}"
EndProject
Global
	GlobalSection(SolutionConfigurationPlatforms) = preSolution
		Debug|Any CPU = Debug|Any CPU
		Release|Any CPU = Release|Any CPU
	EndGlobalSection
	GlobalSection(ProjectConfigurationPlatforms) = postSolution
		{8BE23E31-BD69-4A0F-90CA-BF5DBCF3C562}.Debug|Any CPU.ActiveCfg = Debug|Any CPU
		{8BE23E31-BD69-4A0F-90CA-BF5DBCF3C562}.Debug|Any CPU.Build.0 = Debug|Any CPU
		{8BE23E31-BD69-4A0F-90CA-BF5DBCF3C562}.Release|Any CPU.ActiveCfg = Release|Any CPU
		{8BE23E31-BD69-4A0F-90CA-BF5DBCF3C562}.Release|Any CPU.Build.0 = Release|Any CPU
		{460F0152-F24A-49D0-8D81-79BBE4A4D21E}.Debug|Any CPU.ActiveCfg = Debug|Any CPU
		{460F0152-F24A-49D0-8D81-79BBE4A4D21E}.Debug|Any CPU.Build.0 = Debug|Any CPU
		{460F0152-F24A-49D0-8D81-79BBE4A4D21E}.Release|Any CPU.ActiveCfg = Release|Any CPU
		{460F0152-F24A-49D0-8D81-79BBE4A4D21E}.Release|Any CPU.Build.0 = Release|Any CPU
	EndGlobalSection
	GlobalSection(SolutionProperties) = preSolution
		HideSolutionNode = FALSE
	EndGlobalSection
	GlobalSection(NestedProjects) = preSolution
		{8BE23E31-BD69-4A0F-90CA-BF5DBCF3C562} = {64A18EDD-1BB9-4836-B83C-C7141E794011}
		{460F0152-F24A-49D0-8D81-79BBE4A4D21E} = {EF43D377-FFBC-4137-BBDE-0282AC4BB118}
	EndGlobalSection
	GlobalSection(ExtensibilityGlobals) = postSolution
		SolutionGuid = {C23AA392-3783-447A-883E-BF1344C1B616}
	EndGlobalSection
EndGlobal
